
Microsoft Visual Studio Solution File, Format Version 12.00
# Visual Studio Version 17
VisualStudioVersion = 17.3.32825.248
MinimumVisualStudioVersion = 10.0.40219.1
Project("{9A19103F-16F7-4668-BE54-9A1E7A4F7556}") = "W24-TP-Remise2-Delfik Latulippe", "W24 - TP - Remise 1 - Delfik Latulippe\W24-TP-Remise2-Delfik Latulippe.csproj", "{EB1669A0-6531-49DE-95F3-8DC1918B4136}"
EndProject
Global
	GlobalSection(SolutionConfigurationPlatforms) = preSolution
		Debug|Any CPU = Debug|Any CPU
		Release|Any CPU = Release|Any CPU
	EndGlobalSection
	GlobalSection(ProjectConfigurationPlatforms) = postSolution
		{EB1669A0-6531-49DE-95F3-8DC1918B4136}.Debug|Any CPU.ActiveCfg = Debug|Any CPU
		{EB1669A0-6531-49DE-95F3-8DC1918B4136}.Debug|Any CPU.Build.0 = Debug|Any CPU
		{EB1669A0-6531-49DE-95F3-8DC1918B4136}.Release|Any CPU.ActiveCfg = Release|Any CPU
		{EB1669A0-6531-49DE-95F3-8DC1918B4136}.Release|Any CPU.Build.0 = Release|Any CPU
	EndGlobalSection
	GlobalSection(SolutionProperties) = preSolution
		HideSolutionNode = FALSE
	EndGlobalSection
	GlobalSection(ExtensibilityGlobals) = postSolution
		SolutionGuid = {8A3664D1-843D-4DD6-B774-E9FEFBA6DD71}
	EndGlobalSection
EndGlobal
